
Microsoft Visual Studio Solution File, Format Version 12.00
# Visual Studio Version 16
VisualStudioVersion = 16.0.31105.61
MinimumVisualStudioVersion = 10.0.40219.1
Project("{FAE04EC0-301F-11D3-BF4B-00C04F79EFBC}") = "Lesson_3_Fractions", "Lesson_3_Fractions\Lesson_3_Fractions.csproj", "{722ABC45-7CC7-4C85-9BDD-4E25BD1DAFBA}"
EndProject
Project("{FAE04EC0-301F-11D3-BF4B-00C04F79EFBC}") = "Fractions_Library", "Fractions_Library\Fractions_Library.csproj", "{81DBB18A-EAE3-423E-8436-A81DA39BBAC9}"
EndProject
Global
	GlobalSection(SolutionConfigurationPlatforms) = preSolution
		Debug|Any CPU = Debug|Any CPU
		Release|Any CPU = Release|Any CPU
	EndGlobalSection
	GlobalSection(ProjectConfigurationPlatforms) = postSolution
		{722ABC45-7CC7-4C85-9BDD-4E25BD1DAFBA}.Debug|Any CPU.ActiveCfg = Debug|Any CPU
		{722ABC45-7CC7-4C85-9BDD-4E25BD1DAFBA}.Debug|Any CPU.Build.0 = Debug|Any CPU
		{722ABC45-7CC7-4C85-9BDD-4E25BD1DAFBA}.Release|Any CPU.ActiveCfg = Release|Any CPU
		{722ABC45-7CC7-4C85-9BDD-4E25BD1DAFBA}.Release|Any CPU.Build.0 = Release|Any CPU
		{81DBB18A-EAE3-423E-8436-A81DA39BBAC9}.Debug|Any CPU.ActiveCfg = Debug|Any CPU
		{81DBB18A-EAE3-423E-8436-A81DA39BBAC9}.Debug|Any CPU.Build.0 = Debug|Any CPU
		{81DBB18A-EAE3-423E-8436-A81DA39BBAC9}.Release|Any CPU.ActiveCfg = Release|Any CPU
		{81DBB18A-EAE3-423E-8436-A81DA39BBAC9}.Release|Any CPU.Build.0 = Release|Any CPU
	EndGlobalSection
	GlobalSection(SolutionProperties) = preSolution
		HideSolutionNode = FALSE
	EndGlobalSection
	GlobalSection(ExtensibilityGlobals) = postSolution
		SolutionGuid = {69DF7AFD-4096-4252-B8BB-72AB6746C3C4}
	EndGlobalSection
EndGlobal
