
Microsoft Visual Studio Solution File, Format Version 12.00
# Visual Studio Version 16
VisualStudioVersion = 16.0.31105.61
MinimumVisualStudioVersion = 10.0.40219.1
Project("{9A19103F-16F7-4668-BE54-9A1E7A4F7556}") = "Lesson_3_Fractions", "Lesson_3_Fractions\Lesson_3_Fractions.csproj", "{722ABC45-7CC7-4C85-9BDD-4E25BD1DAFBA}"
EndProject
Project("{9A19103F-16F7-4668-BE54-9A1E7A4F7556}") = "Fractions_Library", "Fractions_Library\Fractions_Library.csproj", "{81DBB18A-EAE3-423E-8436-A81DA39BBAC9}"
EndProject
Project("{2150E333-8FDC-42A3-9474-1A3956D46DE8}") = "Fractions", "Fractions", "{4FCD6D49-2F30-48AC-8AC3-DEA2D0ACD273}"
EndProject
Project("{9A19103F-16F7-4668-BE54-9A1E7A4F7556}") = "Complex_Exercise", "Complex\Complex_Exercise.csproj", "{FD3AEC0F-BB04-454C-B693-62503AEA4699}"
EndProject
Project("{9A19103F-16F7-4668-BE54-9A1E7A4F7556}") = "Complex_Library", "Complex_Library\Complex_Library.csproj", "{38C04F41-5C06-4C83-9F38-E8FDC01D4C0C}"
EndProject
Project("{2150E333-8FDC-42A3-9474-1A3956D46DE8}") = "Complex", "Complex", "{58C5AE5D-6B02-44CA-A76B-278C22A4FE58}"
EndProject
Project("{2150E333-8FDC-42A3-9474-1A3956D46DE8}") = "Array", "Array", "{79C0CA23-C7A0-405F-B0E6-48D82753BD7B}"
EndProject
Project("{9A19103F-16F7-4668-BE54-9A1E7A4F7556}") = "HomeWork1", "HomeWork1\HomeWork1.csproj", "{D31B5B1F-4835-421A-81FC-39C9781483DC}"
EndProject
Project("{2150E333-8FDC-42A3-9474-1A3956D46DE8}") = "Lesson_5", "Lesson_5", "{E3A54CBE-60B6-4579-9112-86EB4ACAC681}"
EndProject
Project("{2150E333-8FDC-42A3-9474-1A3956D46DE8}") = "Lesson_4", "Lesson_4", "{33C2E181-F587-4CD7-814B-F898C8B9F810}"
EndProject
Project("{2150E333-8FDC-42A3-9474-1A3956D46DE8}") = "Lesson_3", "Lesson_3", "{22B695B5-BEA4-4F97-953A-959E6D79876E}"
EndProject
Project("{9A19103F-16F7-4668-BE54-9A1E7A4F7556}") = "HomeWork_1", "HomeWork_1\HomeWork_1.csproj", "{1F3BEA20-0D10-4E07-8047-9DD08B771381}"
EndProject
Project("{FAE04EC0-301F-11D3-BF4B-00C04F79EFBC}") = "Homework_2", "Homework_2\Homework_2.csproj", "{8923AB9D-ED27-4497-97F1-080BAAD8887A}"
EndProject
Global
	GlobalSection(SolutionConfigurationPlatforms) = preSolution
		Debug|Any CPU = Debug|Any CPU
		Release|Any CPU = Release|Any CPU
	EndGlobalSection
	GlobalSection(ProjectConfigurationPlatforms) = postSolution
		{722ABC45-7CC7-4C85-9BDD-4E25BD1DAFBA}.Debug|Any CPU.ActiveCfg = Debug|Any CPU
		{722ABC45-7CC7-4C85-9BDD-4E25BD1DAFBA}.Debug|Any CPU.Build.0 = Debug|Any CPU
		{722ABC45-7CC7-4C85-9BDD-4E25BD1DAFBA}.Release|Any CPU.ActiveCfg = Release|Any CPU
		{722ABC45-7CC7-4C85-9BDD-4E25BD1DAFBA}.Release|Any CPU.Build.0 = Release|Any CPU
		{81DBB18A-EAE3-423E-8436-A81DA39BBAC9}.Debug|Any CPU.ActiveCfg = Debug|Any CPU
		{81DBB18A-EAE3-423E-8436-A81DA39BBAC9}.Debug|Any CPU.Build.0 = Debug|Any CPU
		{81DBB18A-EAE3-423E-8436-A81DA39BBAC9}.Release|Any CPU.ActiveCfg = Release|Any CPU
		{81DBB18A-EAE3-423E-8436-A81DA39BBAC9}.Release|Any CPU.Build.0 = Release|Any CPU
		{FD3AEC0F-BB04-454C-B693-62503AEA4699}.Debug|Any CPU.ActiveCfg = Debug|Any CPU
		{FD3AEC0F-BB04-454C-B693-62503AEA4699}.Debug|Any CPU.Build.0 = Debug|Any CPU
		{FD3AEC0F-BB04-454C-B693-62503AEA4699}.Release|Any CPU.ActiveCfg = Release|Any CPU
		{FD3AEC0F-BB04-454C-B693-62503AEA4699}.Release|Any CPU.Build.0 = Release|Any CPU
		{38C04F41-5C06-4C83-9F38-E8FDC01D4C0C}.Debug|Any CPU.ActiveCfg = Debug|Any CPU
		{38C04F41-5C06-4C83-9F38-E8FDC01D4C0C}.Debug|Any CPU.Build.0 = Debug|Any CPU
		{38C04F41-5C06-4C83-9F38-E8FDC01D4C0C}.Release|Any CPU.ActiveCfg = Release|Any CPU
		{38C04F41-5C06-4C83-9F38-E8FDC01D4C0C}.Release|Any CPU.Build.0 = Release|Any CPU
		{D31B5B1F-4835-421A-81FC-39C9781483DC}.Debug|Any CPU.ActiveCfg = Debug|Any CPU
		{D31B5B1F-4835-421A-81FC-39C9781483DC}.Debug|Any CPU.Build.0 = Debug|Any CPU
		{D31B5B1F-4835-421A-81FC-39C9781483DC}.Release|Any CPU.ActiveCfg = Release|Any CPU
		{D31B5B1F-4835-421A-81FC-39C9781483DC}.Release|Any CPU.Build.0 = Release|Any CPU
		{1F3BEA20-0D10-4E07-8047-9DD08B771381}.Debug|Any CPU.ActiveCfg = Debug|Any CPU
		{1F3BEA20-0D10-4E07-8047-9DD08B771381}.Debug|Any CPU.Build.0 = Debug|Any CPU
		{1F3BEA20-0D10-4E07-8047-9DD08B771381}.Release|Any CPU.ActiveCfg = Release|Any CPU
		{1F3BEA20-0D10-4E07-8047-9DD08B771381}.Release|Any CPU.Build.0 = Release|Any CPU
		{8923AB9D-ED27-4497-97F1-080BAAD8887A}.Debug|Any CPU.ActiveCfg = Debug|Any CPU
		{8923AB9D-ED27-4497-97F1-080BAAD8887A}.Debug|Any CPU.Build.0 = Debug|Any CPU
		{8923AB9D-ED27-4497-97F1-080BAAD8887A}.Release|Any CPU.ActiveCfg = Release|Any CPU
		{8923AB9D-ED27-4497-97F1-080BAAD8887A}.Release|Any CPU.Build.0 = Release|Any CPU
	EndGlobalSection
	GlobalSection(SolutionProperties) = preSolution
		HideSolutionNode = FALSE
	EndGlobalSection
	GlobalSection(NestedProjects) = preSolution
		{722ABC45-7CC7-4C85-9BDD-4E25BD1DAFBA} = {4FCD6D49-2F30-48AC-8AC3-DEA2D0ACD273}
		{81DBB18A-EAE3-423E-8436-A81DA39BBAC9} = {4FCD6D49-2F30-48AC-8AC3-DEA2D0ACD273}
		{4FCD6D49-2F30-48AC-8AC3-DEA2D0ACD273} = {22B695B5-BEA4-4F97-953A-959E6D79876E}
		{FD3AEC0F-BB04-454C-B693-62503AEA4699} = {58C5AE5D-6B02-44CA-A76B-278C22A4FE58}
		{38C04F41-5C06-4C83-9F38-E8FDC01D4C0C} = {58C5AE5D-6B02-44CA-A76B-278C22A4FE58}
		{58C5AE5D-6B02-44CA-A76B-278C22A4FE58} = {22B695B5-BEA4-4F97-953A-959E6D79876E}
		{79C0CA23-C7A0-405F-B0E6-48D82753BD7B} = {33C2E181-F587-4CD7-814B-F898C8B9F810}
		{D31B5B1F-4835-421A-81FC-39C9781483DC} = {79C0CA23-C7A0-405F-B0E6-48D82753BD7B}
		{1F3BEA20-0D10-4E07-8047-9DD08B771381} = {E3A54CBE-60B6-4579-9112-86EB4ACAC681}
		{8923AB9D-ED27-4497-97F1-080BAAD8887A} = {E3A54CBE-60B6-4579-9112-86EB4ACAC681}
	EndGlobalSection
	GlobalSection(ExtensibilityGlobals) = postSolution
		SolutionGuid = {69DF7AFD-4096-4252-B8BB-72AB6746C3C4}
	EndGlobalSection
EndGlobal
